
Microsoft Visual Studio Solution File, Format Version 12.00
# Visual Studio Version 17
VisualStudioVersion = 17.5.002.0
MinimumVisualStudioVersion = 10.0.40219.1
Project("{9A19103F-16F7-4668-BE54-9A1E7A4F7556}") = "excellabel", "excellabel.csproj", "{12B1DE66-A343-45A5-9641-BF62BC48A52E}"
EndProject
Global
	GlobalSection(SolutionConfigurationPlatforms) = preSolution
		Debug|Any CPU = Debug|Any CPU
		Debug|x64 = Debug|x64
		Release|Any CPU = Release|Any CPU
		Release|x64 = Release|x64
	EndGlobalSection
	GlobalSection(ProjectConfigurationPlatforms) = postSolution
		{12B1DE66-A343-45A5-9641-BF62BC48A52E}.Debug|Any CPU.ActiveCfg = Debug|Any CPU
		{12B1DE66-A343-45A5-9641-BF62BC48A52E}.Debug|Any CPU.Build.0 = Debug|Any CPU
		{12B1DE66-A343-45A5-9641-BF62BC48A52E}.Debug|x64.ActiveCfg = Debug|x64
		{12B1DE66-A343-45A5-9641-BF62BC48A52E}.Debug|x64.Build.0 = Debug|x64
		{12B1DE66-A343-45A5-9641-BF62BC48A52E}.Release|Any CPU.ActiveCfg = Release|Any CPU
		{12B1DE66-A343-45A5-9641-BF62BC48A52E}.Release|Any CPU.Build.0 = Release|Any CPU
		{12B1DE66-A343-45A5-9641-BF62BC48A52E}.Release|x64.ActiveCfg = Release|x64
		{12B1DE66-A343-45A5-9641-BF62BC48A52E}.Release|x64.Build.0 = Release|x64
	EndGlobalSection
	GlobalSection(SolutionProperties) = preSolution
		HideSolutionNode = FALSE
	EndGlobalSection
	GlobalSection(ExtensibilityGlobals) = postSolution
		SolutionGuid = {F2A07C19-8A65-4287-9962-7DCA38BF34CE}
	EndGlobalSection
EndGlobal
